
Microsoft Visual Studio Solution File, Format Version 12.00
# Visual Studio Version 16
VisualStudioVersion = 16.0.32802.440
MinimumVisualStudioVersion = 10.0.40219.1
Project("{FAE04EC0-301F-11D3-BF4B-00C04F79EFBC}") = "Programacion-Asincrona", "Programacion-Asincrona\Programacion-Asincrona.csproj", "{3222DCEC-61A6-413A-8DEE-2C8B6E5E3D3F}"
EndProject
Global
	GlobalSection(SolutionConfigurationPlatforms) = preSolution
		Debug|Any CPU = Debug|Any CPU
		Release|Any CPU = Release|Any CPU
	EndGlobalSection
	GlobalSection(ProjectConfigurationPlatforms) = postSolution
		{3222DCEC-61A6-413A-8DEE-2C8B6E5E3D3F}.Debug|Any CPU.ActiveCfg = Debug|Any CPU
		{3222DCEC-61A6-413A-8DEE-2C8B6E5E3D3F}.Debug|Any CPU.Build.0 = Debug|Any CPU
		{3222DCEC-61A6-413A-8DEE-2C8B6E5E3D3F}.Release|Any CPU.ActiveCfg = Release|Any CPU
		{3222DCEC-61A6-413A-8DEE-2C8B6E5E3D3F}.Release|Any CPU.Build.0 = Release|Any CPU
	EndGlobalSection
	GlobalSection(SolutionProperties) = preSolution
		HideSolutionNode = FALSE
	EndGlobalSection
	GlobalSection(ExtensibilityGlobals) = postSolution
		SolutionGuid = {F81F183B-325B-4EA7-874A-761DC0A62B40}
	EndGlobalSection
EndGlobal
